// !$*UTF8*$!
{
	archiveVersion = 1;
	classes = {
	};
	objectVersion = 56;
	objects = {

/* Begin PBXBuildFile section */
		C3BC70782AFD730E00E2CF67 /* AppDelegate.swift in Sources */ = {isa = PBXBuildFile; fileRef = C3BC70772AFD730E00E2CF67 /* AppDelegate.swift */; };
		C3BC707A2AFD730E00E2CF67 /* SceneDelegate.swift in Sources */ = {isa = PBXBuildFile; fileRef = C3BC70792AFD730E00E2CF67 /* SceneDelegate.swift */; };
		C3BC70812AFD730F00E2CF67 /* Assets.xcassets in Resources */ = {isa = PBXBuildFile; fileRef = C3BC70802AFD730F00E2CF67 /* Assets.xcassets */; };
		C3BC70842AFD730F00E2CF67 /* LaunchScreen.storyboard in Resources */ = {isa = PBXBuildFile; fileRef = C3BC70822AFD730F00E2CF67 /* LaunchScreen.storyboard */; };
		C3BC708F2AFD730F00E2CF67 /* CarMarketTests.swift in Sources */ = {isa = PBXBuildFile; fileRef = C3BC708E2AFD730F00E2CF67 /* CarMarketTests.swift */; };
		C3BC70992AFD730F00E2CF67 /* CarMarketUITests.swift in Sources */ = {isa = PBXBuildFile; fileRef = C3BC70982AFD730F00E2CF67 /* CarMarketUITests.swift */; };
		C3BC709B2AFD730F00E2CF67 /* CarMarketUITestsLaunchTests.swift in Sources */ = {isa = PBXBuildFile; fileRef = C3BC709A2AFD730F00E2CF67 /* CarMarketUITestsLaunchTests.swift */; };
		C3BC70AB2AFD7EB400E2CF67 /* ViewController.swift in Sources */ = {isa = PBXBuildFile; fileRef = C3BC70AA2AFD7EB400E2CF67 /* ViewController.swift */; };
/* End PBXBuildFile section */

/* Begin PBXContainerItemProxy section */
		C3BC708B2AFD730F00E2CF67 /* PBXContainerItemProxy */ = {
			isa = PBXContainerItemProxy;
			containerPortal = C3BC706C2AFD730E00E2CF67 /* Project object */;
			proxyType = 1;
			remoteGlobalIDString = C3BC70732AFD730E00E2CF67;
			remoteInfo = CarMarket;
		};
		C3BC70952AFD730F00E2CF67 /* PBXContainerItemProxy */ = {
			isa = PBXContainerItemProxy;
			containerPortal = C3BC706C2AFD730E00E2CF67 /* Project object */;
			proxyType = 1;
			remoteGlobalIDString = C3BC70732AFD730E00E2CF67;
			remoteInfo = CarMarket;
		};
/* End PBXContainerItemProxy section */

/* Begin PBXFileReference section */
		C3BC70742AFD730E00E2CF67 /* CarMarket.app */ = {isa = PBXFileReference; explicitFileType = wrapper.application; includeInIndex = 0; path = CarMarket.app; sourceTree = BUILT_PRODUCTS_DIR; };
		C3BC70772AFD730E00E2CF67 /* AppDelegate.swift */ = {isa = PBXFileReference; lastKnownFileType = sourcecode.swift; path = AppDelegate.swift; sourceTree = "<group>"; };
		C3BC70792AFD730E00E2CF67 /* SceneDelegate.swift */ = {isa = PBXFileReference; lastKnownFileType = sourcecode.swift; path = SceneDelegate.swift; sourceTree = "<group>"; };
		C3BC70802AFD730F00E2CF67 /* Assets.xcassets */ = {isa = PBXFileReference; lastKnownFileType = folder.assetcatalog; path = Assets.xcassets; sourceTree = "<group>"; };
		C3BC70832AFD730F00E2CF67 /* Base */ = {isa = PBXFileReference; lastKnownFileType = file.storyboard; name = Base; path = Base.lproj/LaunchScreen.storyboard; sourceTree = "<group>"; };
		C3BC70852AFD730F00E2CF67 /* Info.plist */ = {isa = PBXFileReference; lastKnownFileType = text.plist.xml; path = Info.plist; sourceTree = "<group>"; };
		C3BC708A2AFD730F00E2CF67 /* CarMarketTests.xctest */ = {isa = PBXFileReference; explicitFileType = wrapper.cfbundle; includeInIndex = 0; path = CarMarketTests.xctest; sourceTree = BUILT_PRODUCTS_DIR; };
		C3BC708E2AFD730F00E2CF67 /* CarMarketTests.swift */ = {isa = PBXFileReference; lastKnownFileType = sourcecode.swift; path = CarMarketTests.swift; sourceTree = "<group>"; };
		C3BC70942AFD730F00E2CF67 /* CarMarketUITests.xctest */ = {isa = PBXFileReference; explicitFileType = wrapper.cfbundle; includeInIndex = 0; path = CarMarketUITests.xctest; sourceTree = BUILT_PRODUCTS_DIR; };
		C3BC70982AFD730F00E2CF67 /* CarMarketUITests.swift */ = {isa = PBXFileReference; lastKnownFileType = sourcecode.swift; path = CarMarketUITests.swift; sourceTree = "<group>"; };
		C3BC709A2AFD730F00E2CF67 /* CarMarketUITestsLaunchTests.swift */ = {isa = PBXFileReference; lastKnownFileType = sourcecode.swift; path = CarMarketUITestsLaunchTests.swift; sourceTree = "<group>"; };
		C3BC70AA2AFD7EB400E2CF67 /* ViewController.swift */ = {isa = PBXFileReference; lastKnownFileType = sourcecode.swift; path = ViewController.swift; sourceTree = "<group>"; };
/* End PBXFileReference section */

/* Begin PBXFrameworksBuildPhase section */
		C3BC70712AFD730E00E2CF67 /* Frameworks */ = {
			isa = PBXFrameworksBuildPhase;
			buildActionMask = 2147483647;
			files = (
			);
			runOnlyForDeploymentPostprocessing = 0;
		};
		C3BC70872AFD730F00E2CF67 /* Frameworks */ = {
			isa = PBXFrameworksBuildPhase;
			buildActionMask = 2147483647;
			files = (
			);
			runOnlyForDeploymentPostprocessing = 0;
		};
		C3BC70912AFD730F00E2CF67 /* Frameworks */ = {
			isa = PBXFrameworksBuildPhase;
			buildActionMask = 2147483647;
			files = (
			);
			runOnlyForDeploymentPostprocessing = 0;
		};
/* End PBXFrameworksBuildPhase section */

/* Begin PBXGroup section */
		C3BC706B2AFD730E00E2CF67 = {
			isa = PBXGroup;
			children = (
				C3BC70762AFD730E00E2CF67 /* CarMarket */,
				C3BC708D2AFD730F00E2CF67 /* CarMarketTests */,
				C3BC70972AFD730F00E2CF67 /* CarMarketUITests */,
				C3BC70752AFD730E00E2CF67 /* Products */,
			);
			sourceTree = "<group>";
		};
		C3BC70752AFD730E00E2CF67 /* Products */ = {
			isa = PBXGroup;
			children = (
				C3BC70742AFD730E00E2CF67 /* CarMarket.app */,
				C3BC708A2AFD730F00E2CF67 /* CarMarketTests.xctest */,
				C3BC70942AFD730F00E2CF67 /* CarMarketUITests.xctest */,
			);
			name = Products;
			sourceTree = "<group>";
		};
		C3BC70762AFD730E00E2CF67 /* CarMarket */ = {
			isa = PBXGroup;
			children = (
				C3BC70822AFD730F00E2CF67 /* LaunchScreen.storyboard */,
				C3BC70792AFD730E00E2CF67 /* SceneDelegate.swift */,
				C3BC70772AFD730E00E2CF67 /* AppDelegate.swift */,
				C3BC70AA2AFD7EB400E2CF67 /* ViewController.swift */,
				C3BC70802AFD730F00E2CF67 /* Assets.xcassets */,
				C3BC70852AFD730F00E2CF67 /* Info.plist */,
				C3BC70A92AFD7E8E00E2CF67 /* ViewController */,
				C3BC70A82AFD7E7900E2CF67 /* Resources */,
				C3BC70A72AFD7E5B00E2CF67 /* Helper */,
			);
			path = CarMarket;
			sourceTree = "<group>";
		};
		C3BC708D2AFD730F00E2CF67 /* CarMarketTests */ = {
			isa = PBXGroup;
			children = (
				C3BC708E2AFD730F00E2CF67 /* CarMarketTests.swift */,
			);
			path = CarMarketTests;
			sourceTree = "<group>";
		};
		C3BC70972AFD730F00E2CF67 /* CarMarketUITests */ = {
			isa = PBXGroup;
			children = (
				C3BC70982AFD730F00E2CF67 /* CarMarketUITests.swift */,
				C3BC709A2AFD730F00E2CF67 /* CarMarketUITestsLaunchTests.swift */,
			);
			path = CarMarketUITests;
			sourceTree = "<group>";
		};
		C3BC70A72AFD7E5B00E2CF67 /* Helper */ = {
			isa = PBXGroup;
			children = (
			);
			name = Helper;
			sourceTree = "<group>";
		};
		C3BC70A82AFD7E7900E2CF67 /* Resources */ = {
			isa = PBXGroup;
			children = (
			);
			name = Resources;
			sourceTree = "<group>";
		};
		C3BC70A92AFD7E8E00E2CF67 /* ViewController */ = {
			isa = PBXGroup;
			children = (
			);
			name = ViewController;
			sourceTree = "<group>";
		};
/* End PBXGroup section */

/* Begin PBXNativeTarget section */
		C3BC70732AFD730E00E2CF67 /* CarMarket */ = {
			isa = PBXNativeTarget;
			buildConfigurationList = C3BC709E2AFD730F00E2CF67 /* Build configuration list for PBXNativeTarget "CarMarket" */;
			buildPhases = (
				C3BC70702AFD730E00E2CF67 /* Sources */,
				C3BC70712AFD730E00E2CF67 /* Frameworks */,
				C3BC70722AFD730E00E2CF67 /* Resources */,
			);
			buildRules = (
			);
			dependencies = (
			);
			name = CarMarket;
			productName = CarMarket;
			productReference = C3BC70742AFD730E00E2CF67 /* CarMarket.app */;
			productType = "com.apple.product-type.application";
		};
		C3BC70892AFD730F00E2CF67 /* CarMarketTests */ = {
			isa = PBXNativeTarget;
			buildConfigurationList = C3BC70A12AFD730F00E2CF67 /* Build configuration list for PBXNativeTarget "CarMarketTests" */;
			buildPhases = (
				C3BC70862AFD730F00E2CF67 /* Sources */,
				C3BC70872AFD730F00E2CF67 /* Frameworks */,
				C3BC70882AFD730F00E2CF67 /* Resources */,
			);
			buildRules = (
			);
			dependencies = (
				C3BC708C2AFD730F00E2CF67 /* PBXTargetDependency */,
			);
			name = CarMarketTests;
			productName = CarMarketTests;
			productReference = C3BC708A2AFD730F00E2CF67 /* CarMarketTests.xctest */;
			productType = "com.apple.product-type.bundle.unit-test";
		};
		C3BC70932AFD730F00E2CF67 /* CarMarketUITests */ = {
			isa = PBXNativeTarget;
			buildConfigurationList = C3BC70A42AFD730F00E2CF67 /* Build configuration list for PBXNativeTarget "CarMarketUITests" */;
			buildPhases = (
				C3BC70902AFD730F00E2CF67 /* Sources */,
				C3BC70912AFD730F00E2CF67 /* Frameworks */,
				C3BC70922AFD730F00E2CF67 /* Resources */,
			);
			buildRules = (
			);
			dependencies = (
				C3BC70962AFD730F00E2CF67 /* PBXTargetDependency */,
			);
			name = CarMarketUITests;
			productName = CarMarketUITests;
			productReference = C3BC70942AFD730F00E2CF67 /* CarMarketUITests.xctest */;
			productType = "com.apple.product-type.bundle.ui-testing";
		};
/* End PBXNativeTarget section */

/* Begin PBXProject section */
		C3BC706C2AFD730E00E2CF67 /* Project object */ = {
			isa = PBXProject;
			attributes = {
				BuildIndependentTargetsInParallel = 1;
				LastSwiftUpdateCheck = 1500;
				LastUpgradeCheck = 1500;
				TargetAttributes = {
					C3BC70732AFD730E00E2CF67 = {
						CreatedOnToolsVersion = 15.0.1;
					};
					C3BC70892AFD730F00E2CF67 = {
						CreatedOnToolsVersion = 15.0.1;
						TestTargetID = C3BC70732AFD730E00E2CF67;
					};
					C3BC70932AFD730F00E2CF67 = {
						CreatedOnToolsVersion = 15.0.1;
						TestTargetID = C3BC70732AFD730E00E2CF67;
					};
				};
			};
			buildConfigurationList = C3BC706F2AFD730E00E2CF67 /* Build configuration list for PBXProject "CarMarket" */;
			compatibilityVersion = "Xcode 14.0";
			developmentRegion = en;
			hasScannedForEncodings = 0;
			knownRegions = (
				en,
				Base,
			);
			mainGroup = C3BC706B2AFD730E00E2CF67;
			productRefGroup = C3BC70752AFD730E00E2CF67 /* Products */;
			projectDirPath = "";
			projectRoot = "";
			targets = (
				C3BC70732AFD730E00E2CF67 /* CarMarket */,
				C3BC70892AFD730F00E2CF67 /* CarMarketTests */,
				C3BC70932AFD730F00E2CF67 /* CarMarketUITests */,
			);
		};
/* End PBXProject section */

/* Begin PBXResourcesBuildPhase section */
		C3BC70722AFD730E00E2CF67 /* Resources */ = {
			isa = PBXResourcesBuildPhase;
			buildActionMask = 2147483647;
			files = (
				C3BC70842AFD730F00E2CF67 /* LaunchScreen.storyboard in Resources */,
				C3BC70812AFD730F00E2CF67 /* Assets.xcassets in Resources */,
			);
			runOnlyForDeploymentPostprocessing = 0;
		};
		C3BC70882AFD730F00E2CF67 /* Resources */ = {
			isa = PBXResourcesBuildPhase;
			buildActionMask = 2147483647;
			files = (
			);
			runOnlyForDeploymentPostprocessing = 0;
		};
		C3BC70922AFD730F00E2CF67 /* Resources */ = {
			isa = PBXResourcesBuildPhase;
			buildActionMask = 2147483647;
			files = (
			);
			runOnlyForDeploymentPostprocessing = 0;
		};
/* End PBXResourcesBuildPhase section */

/* Begin PBXSourcesBuildPhase section */
		C3BC70702AFD730E00E2CF67 /* Sources */ = {
			isa = PBXSourcesBuildPhase;
			buildActionMask = 2147483647;
			files = (
				C3BC70AB2AFD7EB400E2CF67 /* ViewController.swift in Sources */,
				C3BC70782AFD730E00E2CF67 /* AppDelegate.swift in Sources */,
				C3BC707A2AFD730E00E2CF67 /* SceneDelegate.swift in Sources */,
			);
			runOnlyForDeploymentPostprocessing = 0;
		};
		C3BC70862AFD730F00E2CF67 /* Sources */ = {
			isa = PBXSourcesBuildPhase;
			buildActionMask = 2147483647;
			files = (
				C3BC708F2AFD730F00E2CF67 /* CarMarketTests.swift in Sources */,
			);
			runOnlyForDeploymentPostprocessing = 0;
		};
		C3BC70902AFD730F00E2CF67 /* Sources */ = {
			isa = PBXSourcesBuildPhase;
			buildActionMask = 2147483647;
			files = (
				C3BC70992AFD730F00E2CF67 /* CarMarketUITests.swift in Sources */,
				C3BC709B2AFD730F00E2CF67 /* CarMarketUITestsLaunchTests.swift in Sources */,
			);
			runOnlyForDeploymentPostprocessing = 0;
		};
/* End PBXSourcesBuildPhase section */

/* Begin PBXTargetDependency section */
		C3BC708C2AFD730F00E2CF67 /* PBXTargetDependency */ = {
			isa = PBXTargetDependency;
			target = C3BC70732AFD730E00E2CF67 /* CarMarket */;
			targetProxy = C3BC708B2AFD730F00E2CF67 /* PBXContainerItemProxy */;
		};
		C3BC70962AFD730F00E2CF67 /* PBXTargetDependency */ = {
			isa = PBXTargetDependency;
			target = C3BC70732AFD730E00E2CF67 /* CarMarket */;
			targetProxy = C3BC70952AFD730F00E2CF67 /* PBXContainerItemProxy */;
		};
/* End PBXTargetDependency section */

/* Begin PBXVariantGroup section */
		C3BC70822AFD730F00E2CF67 /* LaunchScreen.storyboard */ = {
			isa = PBXVariantGroup;
			children = (
				C3BC70832AFD730F00E2CF67 /* Base */,
			);
			name = LaunchScreen.storyboard;
			sourceTree = "<group>";
		};
/* End PBXVariantGroup section */

/* Begin XCBuildConfiguration section */
		C3BC709C2AFD730F00E2CF67 /* Debug */ = {
			isa = XCBuildConfiguration;
			buildSettings = {
				ALWAYS_SEARCH_USER_PATHS = NO;
				ASSETCATALOG_COMPILER_GENERATE_SWIFT_ASSET_SYMBOL_EXTENSIONS = YES;
				CLANG_ANALYZER_NONNULL = YES;
				CLANG_ANALYZER_NUMBER_OBJECT_CONVERSION = YES_AGGRESSIVE;
				CLANG_CXX_LANGUAGE_STANDARD = "gnu++20";
				CLANG_ENABLE_MODULES = YES;
				CLANG_ENABLE_OBJC_ARC = YES;
				CLANG_ENABLE_OBJC_WEAK = YES;
				CLANG_WARN_BLOCK_CAPTURE_AUTORELEASING = YES;
				CLANG_WARN_BOOL_CONVERSION = YES;
				CLANG_WARN_COMMA = YES;
				CLANG_WARN_CONSTANT_CONVERSION = YES;
				CLANG_WARN_DEPRECATED_OBJC_IMPLEMENTATIONS = YES;
				CLANG_WARN_DIRECT_OBJC_ISA_USAGE = YES_ERROR;
				CLANG_WARN_DOCUMENTATION_COMMENTS = YES;
				CLANG_WARN_EMPTY_BODY = YES;
				CLANG_WARN_ENUM_CONVERSION = YES;
				CLANG_WARN_INFINITE_RECURSION = YES;
				CLANG_WARN_INT_CONVERSION = YES;
				CLANG_WARN_NON_LITERAL_NULL_CONVERSION = YES;
				CLANG_WARN_OBJC_IMPLICIT_RETAIN_SELF = YES;
				CLANG_WARN_OBJC_LITERAL_CONVERSION = YES;
				CLANG_WARN_OBJC_ROOT_CLASS = YES_ERROR;
				CLANG_WARN_QUOTED_INCLUDE_IN_FRAMEWORK_HEADER = YES;
				CLANG_WARN_RANGE_LOOP_ANALYSIS = YES;
				CLANG_WARN_STRICT_PROTOTYPES = YES;
				CLANG_WARN_SUSPICIOUS_MOVE = YES;
				CLANG_WARN_UNGUARDED_AVAILABILITY = YES_AGGRESSIVE;
				CLANG_WARN_UNREACHABLE_CODE = YES;
				CLANG_WARN__DUPLICATE_METHOD_MATCH = YES;
				COPY_PHASE_STRIP = NO;
				DEBUG_INFORMATION_FORMAT = dwarf;
				ENABLE_STRICT_OBJC_MSGSEND = YES;
				ENABLE_TESTABILITY = YES;
				ENABLE_USER_SCRIPT_SANDBOXING = YES;
				GCC_C_LANGUAGE_STANDARD = gnu17;
				GCC_DYNAMIC_NO_PIC = NO;
				GCC_NO_COMMON_BLOCKS = YES;
				GCC_OPTIMIZATION_LEVEL = 0;
				GCC_PREPROCESSOR_DEFINITIONS = (
					"DEBUG=1",
					"$(inherited)",
				);
				GCC_WARN_64_TO_32_BIT_CONVERSION = YES;
				GCC_WARN_ABOUT_RETURN_TYPE = YES_ERROR;
				GCC_WARN_UNDECLARED_SELECTOR = YES;
				GCC_WARN_UNINITIALIZED_AUTOS = YES_AGGRESSIVE;
				GCC_WARN_UNUSED_FUNCTION = YES;
				GCC_WARN_UNUSED_VARIABLE = YES;
				IPHONEOS_DEPLOYMENT_TARGET = 17.0;
				LOCALIZATION_PREFERS_STRING_CATALOGS = YES;
				MTL_ENABLE_DEBUG_INFO = INCLUDE_SOURCE;
				MTL_FAST_MATH = YES;
				ONLY_ACTIVE_ARCH = YES;
				SDKROOT = iphoneos;
				SWIFT_ACTIVE_COMPILATION_CONDITIONS = "DEBUG $(inherited)";
				SWIFT_OPTIMIZATION_LEVEL = "-Onone";
			};
			name = Debug;
		};
		C3BC709D2AFD730F00E2CF67 /* Release */ = {
			isa = XCBuildConfiguration;
			buildSettings = {
				ALWAYS_SEARCH_USER_PATHS = NO;
				ASSETCATALOG_COMPILER_GENERATE_SWIFT_ASSET_SYMBOL_EXTENSIONS = YES;
				CLANG_ANALYZER_NONNULL = YES;
				CLANG_ANALYZER_NUMBER_OBJECT_CONVERSION = YES_AGGRESSIVE;
				CLANG_CXX_LANGUAGE_STANDARD = "gnu++20";
				CLANG_ENABLE_MODULES = YES;
				CLANG_ENABLE_OBJC_ARC = YES;
				CLANG_ENABLE_OBJC_WEAK = YES;
				CLANG_WARN_BLOCK_CAPTURE_AUTORELEASING = YES;
				CLANG_WARN_BOOL_CONVERSION = YES;
				CLANG_WARN_COMMA = YES;
				CLANG_WARN_CONSTANT_CONVERSION = YES;
				CLANG_WARN_DEPRECATED_OBJC_IMPLEMENTATIONS = YES;
				CLANG_WARN_DIRECT_OBJC_ISA_USAGE = YES_ERROR;
				CLANG_WARN_DOCUMENTATION_COMMENTS = YES;
				CLANG_WARN_EMPTY_BODY = YES;
				CLANG_WARN_ENUM_CONVERSION = YES;
				CLANG_WARN_INFINITE_RECURSION = YES;
				CLANG_WARN_INT_CONVERSION = YES;
				CLANG_WARN_NON_LITERAL_NULL_CONVERSION = YES;
				CLANG_WARN_OBJC_IMPLICIT_RETAIN_SELF = YES;
				CLANG_WARN_OBJC_LITERAL_CONVERSION = YES;
				CLANG_WARN_OBJC_ROOT_CLASS = YES_ERROR;
				CLANG_WARN_QUOTED_INCLUDE_IN_FRAMEWORK_HEADER = YES;
				CLANG_WARN_RANGE_LOOP_ANALYSIS = YES;
				CLANG_WARN_STRICT_PROTOTYPES = YES;
				CLANG_WARN_SUSPICIOUS_MOVE = YES;
				CLANG_WARN_UNGUARDED_AVAILABILITY = YES_AGGRESSIVE;
				CLANG_WARN_UNREACHABLE_CODE = YES;
				CLANG_WARN__DUPLICATE_METHOD_MATCH = YES;
				COPY_PHASE_STRIP = NO;
				DEBUG_INFORMATION_FORMAT = "dwarf-with-dsym";
				ENABLE_NS_ASSERTIONS = NO;
				ENABLE_STRICT_OBJC_MSGSEND = YES;
				ENABLE_USER_SCRIPT_SANDBOXING = YES;
				GCC_C_LANGUAGE_STANDARD = gnu17;
				GCC_NO_COMMON_BLOCKS = YES;
				GCC_WARN_64_TO_32_BIT_CONVERSION = YES;
				GCC_WARN_ABOUT_RETURN_TYPE = YES_ERROR;
				GCC_WARN_UNDECLARED_SELECTOR = YES;
				GCC_WARN_UNINITIALIZED_AUTOS = YES_AGGRESSIVE;
				GCC_WARN_UNUSED_FUNCTION = YES;
				GCC_WARN_UNUSED_VARIABLE = YES;
				IPHONEOS_DEPLOYMENT_TARGET = 17.0;
				LOCALIZATION_PREFERS_STRING_CATALOGS = YES;
				MTL_ENABLE_DEBUG_INFO = NO;
				MTL_FAST_MATH = YES;
				SDKROOT = iphoneos;
				SWIFT_COMPILATION_MODE = wholemodule;
				VALIDATE_PRODUCT = YES;
			};
			name = Release;
		};
		C3BC709F2AFD730F00E2CF67 /* Debug */ = {
			isa = XCBuildConfiguration;
			buildSettings = {
				ASSETCATALOG_COMPILER_APPICON_NAME = AppIcon;
				ASSETCATALOG_COMPILER_GLOBAL_ACCENT_COLOR_NAME = AccentColor;
				CODE_SIGN_STYLE = Automatic;
				CURRENT_PROJECT_VERSION = 1;
				DEVELOPMENT_TEAM = 67Z58QAU33;
				GENERATE_INFOPLIST_FILE = YES;
				INFOPLIST_FILE = CarMarket/Info.plist;
				INFOPLIST_KEY_UIApplicationSupportsIndirectInputEvents = YES;
				INFOPLIST_KEY_UILaunchStoryboardName = LaunchScreen;
				INFOPLIST_KEY_UISupportedInterfaceOrientations = UIInterfaceOrientationPortrait;
				IPHONEOS_DEPLOYMENT_TARGET = 15.0;
				LD_RUNPATH_SEARCH_PATHS = (
					"$(inherited)",
					"@executable_path/Frameworks",
				);
				MARKETING_VERSION = 1.0;
				PRODUCT_BUNDLE_IDENTIFIER = emreozturk.CarMarket;
				PRODUCT_NAME = "$(TARGET_NAME)";
				SWIFT_EMIT_LOC_STRINGS = YES;
				SWIFT_VERSION = 5.0;
				TARGETED_DEVICE_FAMILY = "1,2";
			};
			name = Debug;
		};
		C3BC70A02AFD730F00E2CF67 /* Release */ = {
			isa = XCBuildConfiguration;
			buildSettings = {
				ASSETCATALOG_COMPILER_APPICON_NAME = AppIcon;
				ASSETCATALOG_COMPILER_GLOBAL_ACCENT_COLOR_NAME = AccentColor;
				CODE_SIGN_STYLE = Automatic;
				CURRENT_PROJECT_VERSION = 1;
				DEVELOPMENT_TEAM = 67Z58QAU33;
				GENERATE_INFOPLIST_FILE = YES;
				INFOPLIST_FILE = CarMarket/Info.plist;
				INFOPLIST_KEY_UIApplicationSupportsIndirectInputEvents = YES;
				INFOPLIST_KEY_UILaunchStoryboardName = LaunchScreen;
				INFOPLIST_KEY_UISupportedInterfaceOrientations = UIInterfaceOrientationPortrait;
				IPHONEOS_DEPLOYMENT_TARGET = 15.0;
				LD_RUNPATH_SEARCH_PATHS = (
					"$(inherited)",
					"@executable_path/Frameworks",
				);
				MARKETING_VERSION = 1.0;
				PRODUCT_BUNDLE_IDENTIFIER = emreozturk.CarMarket;
				PRODUCT_NAME = "$(TARGET_NAME)";
				SWIFT_EMIT_LOC_STRINGS = YES;
				SWIFT_VERSION = 5.0;
				TARGETED_DEVICE_FAMILY = "1,2";
			};
			name = Release;
		};
		C3BC70A22AFD730F00E2CF67 /* Debug */ = {
			isa = XCBuildConfiguration;
			buildSettings = {
				ALWAYS_EMBED_SWIFT_STANDARD_LIBRARIES = YES;
				BUNDLE_LOADER = "$(TEST_HOST)";
				CODE_SIGN_STYLE = Automatic;
				CURRENT_PROJECT_VERSION = 1;
				DEVELOPMENT_TEAM = 67Z58QAU33;
				GENERATE_INFOPLIST_FILE = YES;
				IPHONEOS_DEPLOYMENT_TARGET = 17.0;
				MARKETING_VERSION = 1.0;
				PRODUCT_BUNDLE_IDENTIFIER = emreozturk.CarMarketTests;
				PRODUCT_NAME = "$(TARGET_NAME)";
				SWIFT_EMIT_LOC_STRINGS = NO;
				SWIFT_VERSION = 5.0;
				TARGETED_DEVICE_FAMILY = "1,2";
				TEST_HOST = "$(BUILT_PRODUCTS_DIR)/CarMarket.app/$(BUNDLE_EXECUTABLE_FOLDER_PATH)/CarMarket";
			};
			name = Debug;
		};
		C3BC70A32AFD730F00E2CF67 /* Release */ = {
			isa = XCBuildConfiguration;
			buildSettings = {
				ALWAYS_EMBED_SWIFT_STANDARD_LIBRARIES = YES;
				BUNDLE_LOADER = "$(TEST_HOST)";
				CODE_SIGN_STYLE = Automatic;
				CURRENT_PROJECT_VERSION = 1;
				DEVELOPMENT_TEAM = 67Z58QAU33;
				GENERATE_INFOPLIST_FILE = YES;
				IPHONEOS_DEPLOYMENT_TARGET = 17.0;
				MARKETING_VERSION = 1.0;
				PRODUCT_BUNDLE_IDENTIFIER = emreozturk.CarMarketTests;
				PRODUCT_NAME = "$(TARGET_NAME)";
				SWIFT_EMIT_LOC_STRINGS = NO;
				SWIFT_VERSION = 5.0;
				TARGETED_DEVICE_FAMILY = "1,2";
				TEST_HOST = "$(BUILT_PRODUCTS_DIR)/CarMarket.app/$(BUNDLE_EXECUTABLE_FOLDER_PATH)/CarMarket";
			};
			name = Release;
		};
		C3BC70A52AFD730F00E2CF67 /* Debug */ = {
			isa = XCBuildConfiguration;
			buildSettings = {
				ALWAYS_EMBED_SWIFT_STANDARD_LIBRARIES = YES;
				CODE_SIGN_STYLE = Automatic;
				CURRENT_PROJECT_VERSION = 1;
				DEVELOPMENT_TEAM = 67Z58QAU33;
				GENERATE_INFOPLIST_FILE = YES;
				MARKETING_VERSION = 1.0;
				PRODUCT_BUNDLE_IDENTIFIER = emreozturk.CarMarketUITests;
				PRODUCT_NAME = "$(TARGET_NAME)";
				SWIFT_EMIT_LOC_STRINGS = NO;
				SWIFT_VERSION = 5.0;
				TARGETED_DEVICE_FAMILY = "1,2";
				TEST_TARGET_NAME = CarMarket;
			};
			name = Debug;
		};
		C3BC70A62AFD730F00E2CF67 /* Release */ = {
			isa = XCBuildConfiguration;
			buildSettings = {
				ALWAYS_EMBED_SWIFT_STANDARD_LIBRARIES = YES;
				CODE_SIGN_STYLE = Automatic;
				CURRENT_PROJECT_VERSION = 1;
				DEVELOPMENT_TEAM = 67Z58QAU33;
				GENERATE_INFOPLIST_FILE = YES;
				MARKETING_VERSION = 1.0;
				PRODUCT_BUNDLE_IDENTIFIER = emreozturk.CarMarketUITests;
				PRODUCT_NAME = "$(TARGET_NAME)";
				SWIFT_EMIT_LOC_STRINGS = NO;
				SWIFT_VERSION = 5.0;
				TARGETED_DEVICE_FAMILY = "1,2";
				TEST_TARGET_NAME = CarMarket;
			};
			name = Release;
		};
/* End XCBuildConfiguration section */

/* Begin XCConfigurationList section */
		C3BC706F2AFD730E00E2CF67 /* Build configuration list for PBXProject "CarMarket" */ = {
			isa = XCConfigurationList;
			buildConfigurations = (
				C3BC709C2AFD730F00E2CF67 /* Debug */,
				C3BC709D2AFD730F00E2CF67 /* Release */,
			);
			defaultConfigurationIsVisible = 0;
			defaultConfigurationName = Release;
		};
		C3BC709E2AFD730F00E2CF67 /* Build configuration list for PBXNativeTarget "CarMarket" */ = {
			isa = XCConfigurationList;
			buildConfigurations = (
				C3BC709F2AFD730F00E2CF67 /* Debug */,
				C3BC70A02AFD730F00E2CF67 /* Release */,
			);
			defaultConfigurationIsVisible = 0;
			defaultConfigurationName = Release;
		};
		C3BC70A12AFD730F00E2CF67 /* Build configuration list for PBXNativeTarget "CarMarketTests" */ = {
			isa = XCConfigurationList;
			buildConfigurations = (
				C3BC70A22AFD730F00E2CF67 /* Debug */,
				C3BC70A32AFD730F00E2CF67 /* Release */,
			);
			defaultConfigurationIsVisible = 0;
			defaultConfigurationName = Release;
		};
		C3BC70A42AFD730F00E2CF67 /* Build configuration list for PBXNativeTarget "CarMarketUITests" */ = {
			isa = XCConfigurationList;
			buildConfigurations = (
				C3BC70A52AFD730F00E2CF67 /* Debug */,
				C3BC70A62AFD730F00E2CF67 /* Release */,
			);
			defaultConfigurationIsVisible = 0;
			defaultConfigurationName = Release;
		};
/* End XCConfigurationList section */
	};
	rootObject = C3BC706C2AFD730E00E2CF67 /* Project object */;
}
